// !$*UTF8*$!
{
	archiveVersion = 1;
	classes = {
	};
	objectVersion = 46;
	objects = {

/* Begin PBXBuildFile section */
		0F58B7DC1CA3322F003E9B6F /* AppDelegate.swift in Sources */ = {isa = PBXBuildFile; fileRef = 0F58B7DB1CA3322F003E9B6F /* AppDelegate.swift */; };
		0F58B7DE1CA3322F003E9B6F /* CollapsibleTableViewController.swift in Sources */ = {isa = PBXBuildFile; fileRef = 0F58B7DD1CA3322F003E9B6F /* CollapsibleTableViewController.swift */; };
		0F58B7E01CA3322F003E9B6F /* DetailViewController.swift in Sources */ = {isa = PBXBuildFile; fileRef = 0F58B7DF1CA3322F003E9B6F /* DetailViewController.swift */; };
		0F58B7E31CA3322F003E9B6F /* Main.storyboard in Resources */ = {isa = PBXBuildFile; fileRef = 0F58B7E11CA3322F003E9B6F /* Main.storyboard */; };
		0F58B7E51CA3322F003E9B6F /* Assets.xcassets in Resources */ = {isa = PBXBuildFile; fileRef = 0F58B7E41CA3322F003E9B6F /* Assets.xcassets */; };
		0F58B7E81CA3322F003E9B6F /* LaunchScreen.storyboard in Resources */ = {isa = PBXBuildFile; fileRef = 0F58B7E61CA3322F003E9B6F /* LaunchScreen.storyboard */; };
		0F58B7F31CA3322F003E9B6F /* CollapsibleTableViewTests.swift in Sources */ = {isa = PBXBuildFile; fileRef = 0F58B7F21CA3322F003E9B6F /* CollapsibleTableViewTests.swift */; };
		0F58B7FE1CA3322F003E9B6F /* CollapsibleTableViewUITests.swift in Sources */ = {isa = PBXBuildFile; fileRef = 0F58B7FD1CA3322F003E9B6F /* CollapsibleTableViewUITests.swift */; };
		0F61514D1CAABCAE00128A9D /* Setting.swift in Sources */ = {isa = PBXBuildFile; fileRef = 0F61514C1CAABCAE00128A9D /* Setting.swift */; };
		0F61514F1CAABDFF00128A9D /* CollapsibleTableViewCell.swift in Sources */ = {isa = PBXBuildFile; fileRef = 0F61514E1CAABDFF00128A9D /* CollapsibleTableViewCell.swift */; };
		0F6151551CAABF2400128A9D /* Utils.swift in Sources */ = {isa = PBXBuildFile; fileRef = 0F6151541CAABF2400128A9D /* Utils.swift */; };
		CD179CF81CB29D8A0096F265 /* SettingViewModel.swift in Sources */ = {isa = PBXBuildFile; fileRef = CD179CF71CB29D8A0096F265 /* SettingViewModel.swift */; };
		CD6F327C1CB7B5C00062A7BC /* SettingViewModelTests.swift in Sources */ = {isa = PBXBuildFile; fileRef = CD6F327B1CB7B5C00062A7BC /* SettingViewModelTests.swift */; };
/* End PBXBuildFile section */

/* Begin PBXContainerItemProxy section */
		0F58B7EF1CA3322F003E9B6F /* PBXContainerItemProxy */ = {
			isa = PBXContainerItemProxy;
			containerPortal = 0F58B7D01CA3322F003E9B6F /* Project object */;
			proxyType = 1;
			remoteGlobalIDString = 0F58B7D71CA3322F003E9B6F;
			remoteInfo = CollapsibleTableView;
		};
		0F58B7FA1CA3322F003E9B6F /* PBXContainerItemProxy */ = {
			isa = PBXContainerItemProxy;
			containerPortal = 0F58B7D01CA3322F003E9B6F /* Project object */;
			proxyType = 1;
			remoteGlobalIDString = 0F58B7D71CA3322F003E9B6F;
			remoteInfo = CollapsibleTableView;
		};
/* End PBXContainerItemProxy section */

/* Begin PBXFileReference section */
		0F58B7D81CA3322F003E9B6F /* CollapsibleTableView.app */ = {isa = PBXFileReference; explicitFileType = wrapper.application; includeInIndex = 0; path = CollapsibleTableView.app; sourceTree = BUILT_PRODUCTS_DIR; };
		0F58B7DB1CA3322F003E9B6F /* AppDelegate.swift */ = {isa = PBXFileReference; lastKnownFileType = sourcecode.swift; path = AppDelegate.swift; sourceTree = "<group>"; };
		0F58B7DD1CA3322F003E9B6F /* CollapsibleTableViewController.swift */ = {isa = PBXFileReference; lastKnownFileType = sourcecode.swift; path = CollapsibleTableViewController.swift; sourceTree = "<group>"; };
		0F58B7DF1CA3322F003E9B6F /* DetailViewController.swift */ = {isa = PBXFileReference; lastKnownFileType = sourcecode.swift; path = DetailViewController.swift; sourceTree = "<group>"; };
		0F58B7E21CA3322F003E9B6F /* Base */ = {isa = PBXFileReference; lastKnownFileType = file.storyboard; name = Base; path = Base.lproj/Main.storyboard; sourceTree = "<group>"; };
		0F58B7E41CA3322F003E9B6F /* Assets.xcassets */ = {isa = PBXFileReference; lastKnownFileType = folder.assetcatalog; path = Assets.xcassets; sourceTree = "<group>"; };
		0F58B7E71CA3322F003E9B6F /* Base */ = {isa = PBXFileReference; lastKnownFileType = file.storyboard; name = Base; path = Base.lproj/LaunchScreen.storyboard; sourceTree = "<group>"; };
		0F58B7E91CA3322F003E9B6F /* Info.plist */ = {isa = PBXFileReference; lastKnownFileType = text.plist.xml; path = Info.plist; sourceTree = "<group>"; };
		0F58B7EE1CA3322F003E9B6F /* CollapsibleTableViewTests.xctest */ = {isa = PBXFileReference; explicitFileType = wrapper.cfbundle; includeInIndex = 0; path = CollapsibleTableViewTests.xctest; sourceTree = BUILT_PRODUCTS_DIR; };
		0F58B7F21CA3322F003E9B6F /* CollapsibleTableViewTests.swift */ = {isa = PBXFileReference; lastKnownFileType = sourcecode.swift; path = CollapsibleTableViewTests.swift; sourceTree = "<group>"; };
		0F58B7F41CA3322F003E9B6F /* Info.plist */ = {isa = PBXFileReference; lastKnownFileType = text.plist.xml; path = Info.plist; sourceTree = "<group>"; };
		0F58B7F91CA3322F003E9B6F /* CollapsibleTableViewUITests.xctest */ = {isa = PBXFileReference; explicitFileType = wrapper.cfbundle; includeInIndex = 0; path = CollapsibleTableViewUITests.xctest; sourceTree = BUILT_PRODUCTS_DIR; };
		0F58B7FD1CA3322F003E9B6F /* CollapsibleTableViewUITests.swift */ = {isa = PBXFileReference; lastKnownFileType = sourcecode.swift; path = CollapsibleTableViewUITests.swift; sourceTree = "<group>"; };
		0F58B7FF1CA3322F003E9B6F /* Info.plist */ = {isa = PBXFileReference; lastKnownFileType = text.plist.xml; path = Info.plist; sourceTree = "<group>"; };
		0F61514C1CAABCAE00128A9D /* Setting.swift */ = {isa = PBXFileReference; fileEncoding = 4; lastKnownFileType = sourcecode.swift; path = Setting.swift; sourceTree = "<group>"; };
		0F61514E1CAABDFF00128A9D /* CollapsibleTableViewCell.swift */ = {isa = PBXFileReference; fileEncoding = 4; lastKnownFileType = sourcecode.swift; path = CollapsibleTableViewCell.swift; sourceTree = "<group>"; };
		0F6151541CAABF2400128A9D /* Utils.swift */ = {isa = PBXFileReference; fileEncoding = 4; lastKnownFileType = sourcecode.swift; path = Utils.swift; sourceTree = "<group>"; };
		CD179CF71CB29D8A0096F265 /* SettingViewModel.swift */ = {isa = PBXFileReference; fileEncoding = 4; lastKnownFileType = sourcecode.swift; path = SettingViewModel.swift; sourceTree = "<group>"; };
		CD6F327B1CB7B5C00062A7BC /* SettingViewModelTests.swift */ = {isa = PBXFileReference; fileEncoding = 4; lastKnownFileType = sourcecode.swift; path = SettingViewModelTests.swift; sourceTree = "<group>"; };
/* End PBXFileReference section */

/* Begin PBXFrameworksBuildPhase section */
		0F58B7D51CA3322F003E9B6F /* Frameworks */ = {
			isa = PBXFrameworksBuildPhase;
			buildActionMask = 2147483647;
			files = (
			);
			runOnlyForDeploymentPostprocessing = 0;
		};
		0F58B7EB1CA3322F003E9B6F /* Frameworks */ = {
			isa = PBXFrameworksBuildPhase;
			buildActionMask = 2147483647;
			files = (
			);
			runOnlyForDeploymentPostprocessing = 0;
		};
		0F58B7F61CA3322F003E9B6F /* Frameworks */ = {
			isa = PBXFrameworksBuildPhase;
			buildActionMask = 2147483647;
			files = (
			);
			runOnlyForDeploymentPostprocessing = 0;
		};
/* End PBXFrameworksBuildPhase section */

/* Begin PBXGroup section */
		0F58B7CF1CA3322F003E9B6F = {
			isa = PBXGroup;
			children = (
				0F58B7DA1CA3322F003E9B6F /* CollapsibleTableView */,
				0F58B7F11CA3322F003E9B6F /* CollapsibleTableViewTests */,
				0F58B7FC1CA3322F003E9B6F /* CollapsibleTableViewUITests */,
				0F58B7D91CA3322F003E9B6F /* Products */,
			);
			sourceTree = "<group>";
		};
		0F58B7D91CA3322F003E9B6F /* Products */ = {
			isa = PBXGroup;
			children = (
				0F58B7D81CA3322F003E9B6F /* CollapsibleTableView.app */,
				0F58B7EE1CA3322F003E9B6F /* CollapsibleTableViewTests.xctest */,
				0F58B7F91CA3322F003E9B6F /* CollapsibleTableViewUITests.xctest */,
			);
			name = Products;
			sourceTree = "<group>";
		};
		0F58B7DA1CA3322F003E9B6F /* CollapsibleTableView */ = {
			isa = PBXGroup;
			children = (
				0F6151501CAABE1000128A9D /* Model */,
				0F6151511CAABE1600128A9D /* View */,
				CD179CF61CB29D2B0096F265 /* ViewModel */,
				0F6151521CAABE1A00128A9D /* Controller */,
				0F6151531CAABE3500128A9D /* Other */,
			);
			path = CollapsibleTableView;
			sourceTree = "<group>";
		};
		0F58B7F11CA3322F003E9B6F /* CollapsibleTableViewTests */ = {
			isa = PBXGroup;
			children = (
				0F58B7F21CA3322F003E9B6F /* CollapsibleTableViewTests.swift */,
				CD6F327B1CB7B5C00062A7BC /* SettingViewModelTests.swift */,
				0F58B7F41CA3322F003E9B6F /* Info.plist */,
			);
			path = CollapsibleTableViewTests;
			sourceTree = "<group>";
		};
		0F58B7FC1CA3322F003E9B6F /* CollapsibleTableViewUITests */ = {
			isa = PBXGroup;
			children = (
				0F58B7FD1CA3322F003E9B6F /* CollapsibleTableViewUITests.swift */,
				0F58B7FF1CA3322F003E9B6F /* Info.plist */,
			);
			path = CollapsibleTableViewUITests;
			sourceTree = "<group>";
		};
		0F6151501CAABE1000128A9D /* Model */ = {
			isa = PBXGroup;
			children = (
				0F61514C1CAABCAE00128A9D /* Setting.swift */,
			);
			name = Model;
			sourceTree = "<group>";
		};
		0F6151511CAABE1600128A9D /* View */ = {
			isa = PBXGroup;
			children = (
				0F61514E1CAABDFF00128A9D /* CollapsibleTableViewCell.swift */,
			);
			name = View;
			sourceTree = "<group>";
		};
		0F6151521CAABE1A00128A9D /* Controller */ = {
			isa = PBXGroup;
			children = (
				0F58B7DD1CA3322F003E9B6F /* CollapsibleTableViewController.swift */,
			);
			name = Controller;
			sourceTree = "<group>";
		};
		0F6151531CAABE3500128A9D /* Other */ = {
			isa = PBXGroup;
			children = (
				0F6151541CAABF2400128A9D /* Utils.swift */,
				0F58B7DB1CA3322F003E9B6F /* AppDelegate.swift */,
				0F58B7DF1CA3322F003E9B6F /* DetailViewController.swift */,
				0F58B7E11CA3322F003E9B6F /* Main.storyboard */,
				0F58B7E41CA3322F003E9B6F /* Assets.xcassets */,
				0F58B7E61CA3322F003E9B6F /* LaunchScreen.storyboard */,
				0F58B7E91CA3322F003E9B6F /* Info.plist */,
			);
			name = Other;
			sourceTree = "<group>";
		};
		CD179CF61CB29D2B0096F265 /* ViewModel */ = {
			isa = PBXGroup;
			children = (
				CD179CF71CB29D8A0096F265 /* SettingViewModel.swift */,
			);
			name = ViewModel;
			sourceTree = "<group>";
		};
/* End PBXGroup section */

/* Begin PBXNativeTarget section */
		0F58B7D71CA3322F003E9B6F /* CollapsibleTableView */ = {
			isa = PBXNativeTarget;
			buildConfigurationList = 0F58B8021CA3322F003E9B6F /* Build configuration list for PBXNativeTarget "CollapsibleTableView" */;
			buildPhases = (
				0F58B7D41CA3322F003E9B6F /* Sources */,
				0F58B7D51CA3322F003E9B6F /* Frameworks */,
				0F58B7D61CA3322F003E9B6F /* Resources */,
			);
			buildRules = (
			);
			dependencies = (
			);
			name = CollapsibleTableView;
			productName = CollapsibleTableView;
			productReference = 0F58B7D81CA3322F003E9B6F /* CollapsibleTableView.app */;
			productType = "com.apple.product-type.application";
		};
		0F58B7ED1CA3322F003E9B6F /* CollapsibleTableViewTests */ = {
			isa = PBXNativeTarget;
			buildConfigurationList = 0F58B8051CA3322F003E9B6F /* Build configuration list for PBXNativeTarget "CollapsibleTableViewTests" */;
			buildPhases = (
				0F58B7EA1CA3322F003E9B6F /* Sources */,
				0F58B7EB1CA3322F003E9B6F /* Frameworks */,
				0F58B7EC1CA3322F003E9B6F /* Resources */,
			);
			buildRules = (
			);
			dependencies = (
				0F58B7F01CA3322F003E9B6F /* PBXTargetDependency */,
			);
			name = CollapsibleTableViewTests;
			productName = CollapsibleTableViewTests;
			productReference = 0F58B7EE1CA3322F003E9B6F /* CollapsibleTableViewTests.xctest */;
			productType = "com.apple.product-type.bundle.unit-test";
		};
		0F58B7F81CA3322F003E9B6F /* CollapsibleTableViewUITests */ = {
			isa = PBXNativeTarget;
			buildConfigurationList = 0F58B8081CA3322F003E9B6F /* Build configuration list for PBXNativeTarget "CollapsibleTableViewUITests" */;
			buildPhases = (
				0F58B7F51CA3322F003E9B6F /* Sources */,
				0F58B7F61CA3322F003E9B6F /* Frameworks */,
				0F58B7F71CA3322F003E9B6F /* Resources */,
			);
			buildRules = (
			);
			dependencies = (
				0F58B7FB1CA3322F003E9B6F /* PBXTargetDependency */,
			);
			name = CollapsibleTableViewUITests;
			productName = CollapsibleTableViewUITests;
			productReference = 0F58B7F91CA3322F003E9B6F /* CollapsibleTableViewUITests.xctest */;
			productType = "com.apple.product-type.bundle.ui-testing";
		};
/* End PBXNativeTarget section */

/* Begin PBXProject section */
		0F58B7D01CA3322F003E9B6F /* Project object */ = {
			isa = PBXProject;
			attributes = {
				LastSwiftUpdateCheck = 0720;
				LastUpgradeCheck = 0720;
				ORGANIZATIONNAME = Cristik;
				TargetAttributes = {
					0F58B7D71CA3322F003E9B6F = {
						CreatedOnToolsVersion = 7.2.1;
					};
					0F58B7ED1CA3322F003E9B6F = {
						CreatedOnToolsVersion = 7.2.1;
						TestTargetID = 0F58B7D71CA3322F003E9B6F;
					};
					0F58B7F81CA3322F003E9B6F = {
						CreatedOnToolsVersion = 7.2.1;
						TestTargetID = 0F58B7D71CA3322F003E9B6F;
					};
				};
			};
			buildConfigurationList = 0F58B7D31CA3322F003E9B6F /* Build configuration list for PBXProject "CollapsibleTableView" */;
			compatibilityVersion = "Xcode 3.2";
			developmentRegion = English;
			hasScannedForEncodings = 0;
			knownRegions = (
				en,
				Base,
			);
			mainGroup = 0F58B7CF1CA3322F003E9B6F;
			productRefGroup = 0F58B7D91CA3322F003E9B6F /* Products */;
			projectDirPath = "";
			projectRoot = "";
			targets = (
				0F58B7D71CA3322F003E9B6F /* CollapsibleTableView */,
				0F58B7ED1CA3322F003E9B6F /* CollapsibleTableViewTests */,
				0F58B7F81CA3322F003E9B6F /* CollapsibleTableViewUITests */,
			);
		};
/* End PBXProject section */

/* Begin PBXResourcesBuildPhase section */
		0F58B7D61CA3322F003E9B6F /* Resources */ = {
			isa = PBXResourcesBuildPhase;
			buildActionMask = 2147483647;
			files = (
				0F58B7E81CA3322F003E9B6F /* LaunchScreen.storyboard in Resources */,
				0F58B7E51CA3322F003E9B6F /* Assets.xcassets in Resources */,
				0F58B7E31CA3322F003E9B6F /* Main.storyboard in Resources */,
			);
			runOnlyForDeploymentPostprocessing = 0;
		};
		0F58B7EC1CA3322F003E9B6F /* Resources */ = {
			isa = PBXResourcesBuildPhase;
			buildActionMask = 2147483647;
			files = (
			);
			runOnlyForDeploymentPostprocessing = 0;
		};
		0F58B7F71CA3322F003E9B6F /* Resources */ = {
			isa = PBXResourcesBuildPhase;
			buildActionMask = 2147483647;
			files = (
			);
			runOnlyForDeploymentPostprocessing = 0;
		};
/* End PBXResourcesBuildPhase section */

/* Begin PBXSourcesBuildPhase section */
		0F58B7D41CA3322F003E9B6F /* Sources */ = {
			isa = PBXSourcesBuildPhase;
			buildActionMask = 2147483647;
			files = (
				0F58B7E01CA3322F003E9B6F /* DetailViewController.swift in Sources */,
				0F58B7DE1CA3322F003E9B6F /* CollapsibleTableViewController.swift in Sources */,
				0F6151551CAABF2400128A9D /* Utils.swift in Sources */,
				0F61514F1CAABDFF00128A9D /* CollapsibleTableViewCell.swift in Sources */,
				0F61514D1CAABCAE00128A9D /* Setting.swift in Sources */,
				0F58B7DC1CA3322F003E9B6F /* AppDelegate.swift in Sources */,
				CD179CF81CB29D8A0096F265 /* SettingViewModel.swift in Sources */,
			);
			runOnlyForDeploymentPostprocessing = 0;
		};
		0F58B7EA1CA3322F003E9B6F /* Sources */ = {
			isa = PBXSourcesBuildPhase;
			buildActionMask = 2147483647;
			files = (
				0F58B7F31CA3322F003E9B6F /* CollapsibleTableViewTests.swift in Sources */,
				CD6F327C1CB7B5C00062A7BC /* SettingViewModelTests.swift in Sources */,
			);
			runOnlyForDeploymentPostprocessing = 0;
		};
		0F58B7F51CA3322F003E9B6F /* Sources */ = {
			isa = PBXSourcesBuildPhase;
			buildActionMask = 2147483647;
			files = (
				0F58B7FE1CA3322F003E9B6F /* CollapsibleTableViewUITests.swift in Sources */,
			);
			runOnlyForDeploymentPostprocessing = 0;
		};
/* End PBXSourcesBuildPhase section */

/* Begin PBXTargetDependency section */
		0F58B7F01CA3322F003E9B6F /* PBXTargetDependency */ = {
			isa = PBXTargetDependency;
			target = 0F58B7D71CA3322F003E9B6F /* CollapsibleTableView */;
			targetProxy = 0F58B7EF1CA3322F003E9B6F /* PBXContainerItemProxy */;
		};
		0F58B7FB1CA3322F003E9B6F /* PBXTargetDependency */ = {
			isa = PBXTargetDependency;
			target = 0F58B7D71CA3322F003E9B6F /* CollapsibleTableView */;
			targetProxy = 0F58B7FA1CA3322F003E9B6F /* PBXContainerItemProxy */;
		};
/* End PBXTargetDependency section */

/* Begin PBXVariantGroup section */
		0F58B7E11CA3322F003E9B6F /* Main.storyboard */ = {
			isa = PBXVariantGroup;
			children = (
				0F58B7E21CA3322F003E9B6F /* Base */,
			);
			name = Main.storyboard;
			sourceTree = "<group>";
		};
		0F58B7E61CA3322F003E9B6F /* LaunchScreen.storyboard */ = {
			isa = PBXVariantGroup;
			children = (
				0F58B7E71CA3322F003E9B6F /* Base */,
			);
			name = LaunchScreen.storyboard;
			sourceTree = "<group>";
		};
/* End PBXVariantGroup section */

/* Begin XCBuildConfiguration section */
		0F58B8001CA3322F003E9B6F /* Debug */ = {
			isa = XCBuildConfiguration;
			buildSettings = {
				ALWAYS_SEARCH_USER_PATHS = NO;
				CLANG_CXX_LANGUAGE_STANDARD = "gnu++0x";
				CLANG_CXX_LIBRARY = "libc++";
				CLANG_ENABLE_MODULES = YES;
				CLANG_ENABLE_OBJC_ARC = YES;
				CLANG_WARN_BOOL_CONVERSION = YES;
				CLANG_WARN_CONSTANT_CONVERSION = YES;
				CLANG_WARN_DIRECT_OBJC_ISA_USAGE = YES_ERROR;
				CLANG_WARN_EMPTY_BODY = YES;
				CLANG_WARN_ENUM_CONVERSION = YES;
				CLANG_WARN_INT_CONVERSION = YES;
				CLANG_WARN_OBJC_ROOT_CLASS = YES_ERROR;
				CLANG_WARN_UNREACHABLE_CODE = YES;
				CLANG_WARN__DUPLICATE_METHOD_MATCH = YES;
				"CODE_SIGN_IDENTITY[sdk=iphoneos*]" = "iPhone Developer";
				COPY_PHASE_STRIP = NO;
				DEBUG_INFORMATION_FORMAT = dwarf;
				ENABLE_STRICT_OBJC_MSGSEND = YES;
				ENABLE_TESTABILITY = YES;
				GCC_C_LANGUAGE_STANDARD = gnu99;
				GCC_DYNAMIC_NO_PIC = NO;
				GCC_NO_COMMON_BLOCKS = YES;
				GCC_OPTIMIZATION_LEVEL = 0;
				GCC_PREPROCESSOR_DEFINITIONS = (
					"DEBUG=1",
					"$(inherited)",
				);
				GCC_WARN_64_TO_32_BIT_CONVERSION = YES;
				GCC_WARN_ABOUT_RETURN_TYPE = YES_ERROR;
				GCC_WARN_UNDECLARED_SELECTOR = YES;
				GCC_WARN_UNINITIALIZED_AUTOS = YES_AGGRESSIVE;
				GCC_WARN_UNUSED_FUNCTION = YES;
				GCC_WARN_UNUSED_VARIABLE = YES;
				IPHONEOS_DEPLOYMENT_TARGET = 9.2;
				MTL_ENABLE_DEBUG_INFO = YES;
				ONLY_ACTIVE_ARCH = YES;
				SDKROOT = iphoneos;
				SWIFT_OPTIMIZATION_LEVEL = "-Onone";
				TARGETED_DEVICE_FAMILY = "1,2";
			};
			name = Debug;
		};
		0F58B8011CA3322F003E9B6F /* Release */ = {
			isa = XCBuildConfiguration;
			buildSettings = {
				ALWAYS_SEARCH_USER_PATHS = NO;
				CLANG_CXX_LANGUAGE_STANDARD = "gnu++0x";
				CLANG_CXX_LIBRARY = "libc++";
				CLANG_ENABLE_MODULES = YES;
				CLANG_ENABLE_OBJC_ARC = YES;
				CLANG_WARN_BOOL_CONVERSION = YES;
				CLANG_WARN_CONSTANT_CONVERSION = YES;
				CLANG_WARN_DIRECT_OBJC_ISA_USAGE = YES_ERROR;
				CLANG_WARN_EMPTY_BODY = YES;
				CLANG_WARN_ENUM_CONVERSION = YES;
				CLANG_WARN_INT_CONVERSION = YES;
				CLANG_WARN_OBJC_ROOT_CLASS = YES_ERROR;
				CLANG_WARN_UNREACHABLE_CODE = YES;
				CLANG_WARN__DUPLICATE_METHOD_MATCH = YES;
				"CODE_SIGN_IDENTITY[sdk=iphoneos*]" = "iPhone Developer";
				COPY_PHASE_STRIP = NO;
				DEBUG_INFORMATION_FORMAT = "dwarf-with-dsym";
				ENABLE_NS_ASSERTIONS = NO;
				ENABLE_STRICT_OBJC_MSGSEND = YES;
				GCC_C_LANGUAGE_STANDARD = gnu99;
				GCC_NO_COMMON_BLOCKS = YES;
				GCC_WARN_64_TO_32_BIT_CONVERSION = YES;
				GCC_WARN_ABOUT_RETURN_TYPE = YES_ERROR;
				GCC_WARN_UNDECLARED_SELECTOR = YES;
				GCC_WARN_UNINITIALIZED_AUTOS = YES_AGGRESSIVE;
				GCC_WARN_UNUSED_FUNCTION = YES;
				GCC_WARN_UNUSED_VARIABLE = YES;
				IPHONEOS_DEPLOYMENT_TARGET = 9.2;
				MTL_ENABLE_DEBUG_INFO = NO;
				SDKROOT = iphoneos;
				TARGETED_DEVICE_FAMILY = "1,2";
				VALIDATE_PRODUCT = YES;
			};
			name = Release;
		};
		0F58B8031CA3322F003E9B6F /* Debug */ = {
			isa = XCBuildConfiguration;
			buildSettings = {
				ASSETCATALOG_COMPILER_APPICON_NAME = AppIcon;
				INFOPLIST_FILE = CollapsibleTableView/Info.plist;
				LD_RUNPATH_SEARCH_PATHS = "$(inherited) @executable_path/Frameworks";
				PRODUCT_BUNDLE_IDENTIFIER = com.cristik.CollapsibleTableView;
				PRODUCT_NAME = "$(TARGET_NAME)";
			};
			name = Debug;
		};
		0F58B8041CA3322F003E9B6F /* Release */ = {
			isa = XCBuildConfiguration;
			buildSettings = {
				ASSETCATALOG_COMPILER_APPICON_NAME = AppIcon;
				INFOPLIST_FILE = CollapsibleTableView/Info.plist;
				LD_RUNPATH_SEARCH_PATHS = "$(inherited) @executable_path/Frameworks";
				PRODUCT_BUNDLE_IDENTIFIER = com.cristik.CollapsibleTableView;
				PRODUCT_NAME = "$(TARGET_NAME)";
			};
			name = Release;
		};
		0F58B8061CA3322F003E9B6F /* Debug */ = {
			isa = XCBuildConfiguration;
			buildSettings = {
				BUNDLE_LOADER = "$(TEST_HOST)";
				INFOPLIST_FILE = CollapsibleTableViewTests/Info.plist;
				LD_RUNPATH_SEARCH_PATHS = "$(inherited) @executable_path/Frameworks @loader_path/Frameworks";
				PRODUCT_BUNDLE_IDENTIFIER = com.cristik.CollapsibleTableViewTests;
				PRODUCT_NAME = "$(TARGET_NAME)";
				TEST_HOST = "$(BUILT_PRODUCTS_DIR)/CollapsibleTableView.app/CollapsibleTableView";
			};
			name = Debug;
		};
		0F58B8071CA3322F003E9B6F /* Release */ = {
			isa = XCBuildConfiguration;
			buildSettings = {
				BUNDLE_LOADER = "$(TEST_HOST)";
				INFOPLIST_FILE = CollapsibleTableViewTests/Info.plist;
				LD_RUNPATH_SEARCH_PATHS = "$(inherited) @executable_path/Frameworks @loader_path/Frameworks";
				PRODUCT_BUNDLE_IDENTIFIER = com.cristik.CollapsibleTableViewTests;
				PRODUCT_NAME = "$(TARGET_NAME)";
				TEST_HOST = "$(BUILT_PRODUCTS_DIR)/CollapsibleTableView.app/CollapsibleTableView";
			};
			name = Release;
		};
		0F58B8091CA3322F003E9B6F /* Debug */ = {
			isa = XCBuildConfiguration;
			buildSettings = {
				INFOPLIST_FILE = CollapsibleTableViewUITests/Info.plist;
				LD_RUNPATH_SEARCH_PATHS = "$(inherited) @executable_path/Frameworks @loader_path/Frameworks";
				PRODUCT_BUNDLE_IDENTIFIER = com.cristik.CollapsibleTableViewUITests;
				PRODUCT_NAME = "$(TARGET_NAME)";
				TEST_TARGET_NAME = CollapsibleTableView;
				USES_XCTRUNNER = YES;
			};
			name = Debug;
		};
		0F58B80A1CA3322F003E9B6F /* Release */ = {
			isa = XCBuildConfiguration;
			buildSettings = {
				INFOPLIST_FILE = CollapsibleTableViewUITests/Info.plist;
				LD_RUNPATH_SEARCH_PATHS = "$(inherited) @executable_path/Frameworks @loader_path/Frameworks";
				PRODUCT_BUNDLE_IDENTIFIER = com.cristik.CollapsibleTableViewUITests;
				PRODUCT_NAME = "$(TARGET_NAME)";
				TEST_TARGET_NAME = CollapsibleTableView;
				USES_XCTRUNNER = YES;
			};
			name = Release;
		};
/* End XCBuildConfiguration section */

/* Begin XCConfigurationList section */
		0F58B7D31CA3322F003E9B6F /* Build configuration list for PBXProject "CollapsibleTableView" */ = {
			isa = XCConfigurationList;
			buildConfigurations = (
				0F58B8001CA3322F003E9B6F /* Debug */,
				0F58B8011CA3322F003E9B6F /* Release */,
			);
			defaultConfigurationIsVisible = 0;
			defaultConfigurationName = Release;
		};
		0F58B8021CA3322F003E9B6F /* Build configuration list for PBXNativeTarget "CollapsibleTableView" */ = {
			isa = XCConfigurationList;
			buildConfigurations = (
				0F58B8031CA3322F003E9B6F /* Debug */,
				0F58B8041CA3322F003E9B6F /* Release */,
			);
			defaultConfigurationIsVisible = 0;
			defaultConfigurationName = Release;
		};
		0F58B8051CA3322F003E9B6F /* Build configuration list for PBXNativeTarget "CollapsibleTableViewTests" */ = {
			isa = XCConfigurationList;
			buildConfigurations = (
				0F58B8061CA3322F003E9B6F /* Debug */,
				0F58B8071CA3322F003E9B6F /* Release */,
			);
			defaultConfigurationIsVisible = 0;
			defaultConfigurationName = Release;
		};
		0F58B8081CA3322F003E9B6F /* Build configuration list for PBXNativeTarget "CollapsibleTableViewUITests" */ = {
			isa = XCConfigurationList;
			buildConfigurations = (
				0F58B8091CA3322F003E9B6F /* Debug */,
				0F58B80A1CA3322F003E9B6F /* Release */,
			);
			defaultConfigurationIsVisible = 0;
			defaultConfigurationName = Release;
		};
/* End XCConfigurationList section */
	};
	rootObject = 0F58B7D01CA3322F003E9B6F /* Project object */;
}
